{
  "name": "item-browser",
  "version": "0.1",
  "lockfileVersion": 2,
  "requires": true,
  "packages": {
    "": {
      "name": "item-browser",
      "version": "0.1",
      "license": "GPL-3.0",
      "devDependencies": {
        "@types/bootstrap": "^4.5.0",
        "@types/ifvisible": "^1.1.0",
        "@types/ion-rangeslider": "^2.3.2",
        "@types/jquery": "^3.5.6",
        "@types/pako": "^1.0.1",
        "@types/sortablejs": "^1.10.6",
        "@types/toastify-js": "^1.9.1",
        "dexie": "^3.2.2",
        "fflate": "^0.7.3",
        "fuse.js": "^3.4.6",
        "intl-list-format": "^1.0.3",
        "mitt": "^3.0.0",
        "petite-vue": "^0.4.1",
        "simplebar": "^5.3.6",
        "sweetalert2": "^11.4.16",
        "tippy.js": "^6.2.6",
        "typescript": "^4.7.4"
      }
    },
    "node_modules/@juggle/resize-observer": {
      "version": "3.4.0",
      "resolved": "https://registry.npmjs.org/@juggle/resize-observer/-/resize-observer-3.4.0.tgz",
      "integrity": "sha512-dfLbk+PwWvFzSxwk3n5ySL0hfBog779o8h68wK/7/APo/7cgyWp5jcXockbxdk5kFRkbeXWm4Fbi9FrdN381sA==",
      "dev": true
    },
    "node_modules/@popperjs/core": {
      "version": "2.11.6",
      "resolved": "https://registry.npmjs.org/@popperjs/core/-/core-2.11.6.tgz",
      "integrity": "sha512-50/17A98tWUfQ176raKiOGXuYpLyyVMkxxG6oylzL3BPOlA6ADGdK7EYunSa4I064xerltq9TGXs8HmOk5E+vw==",
      "dev": true,
      "funding": {
        "type": "opencollective",
        "url": "https://opencollective.com/popperjs"
      }
    },
    "node_modules/@types/bootstrap": {
      "version": "4.6.2",
      "resolved": "https://registry.npmjs.org/@types/bootstrap/-/bootstrap-4.6.2.tgz",
      "integrity": "sha512-HbqVAre9VMZF8KBw1UpmBkw0xt4rjrAxMO/JWqFfJZGbVi09t8BVccvB/VxDlygVvvu0BZkAU8ocfNc7/jlFsA==",
      "dev": true,
      "dependencies": {
        "@types/jquery": "*",
        "popper.js": "^1.14.1"
      }
    },
    "node_modules/@types/ifvisible": {
      "version": "1.1.1",
      "resolved": "https://registry.npmjs.org/@types/ifvisible/-/ifvisible-1.1.1.tgz",
      "integrity": "sha512-t9JrGMlhM7ayEQGBatqkg1qGGiSUv0Nt/p1JDIt3eogMQZxRrrD2c50vvvWSGo2a6miiV5y4oLczRrydYVEV2Q==",
      "dev": true
    },
    "node_modules/@types/ion-rangeslider": {
      "version": "2.3.2",
      "resolved": "https://registry.npmjs.org/@types/ion-rangeslider/-/ion-rangeslider-2.3.2.tgz",
      "integrity": "sha512-bI7SsyYvWgkJx/tdpj57UfGZ0EbgPft0oXrjqoNcXhfCVy8aNAQK5lZvoS0vptd8ttfkd2gwYArKCCB7QS6pVw==",
      "dev": true
    },
    "node_modules/@types/jquery": {
      "version": "3.5.14",
      "resolved": "https://registry.npmjs.org/@types/jquery/-/jquery-3.5.14.tgz",
      "integrity": "sha512-X1gtMRMbziVQkErhTQmSe2jFwwENA/Zr+PprCkF63vFq+Yt5PZ4AlKqgmeNlwgn7dhsXEK888eIW2520EpC+xg==",
      "dev": true,
      "dependencies": {
        "@types/sizzle": "*"
      }
    },
    "node_modules/@types/pako": {
      "version": "1.0.4",
      "resolved": "https://registry.npmjs.org/@types/pako/-/pako-1.0.4.tgz",
      "integrity": "sha512-Z+5bJSm28EXBSUJEgx29ioWeEEHUh6TiMkZHDhLwjc9wVFH+ressbkmX6waUZc5R3Gobn4Qu5llGxaoflZ+yhA==",
      "dev": true
    },
    "node_modules/@types/sizzle": {
      "version": "2.3.3",
      "resolved": "https://registry.npmjs.org/@types/sizzle/-/sizzle-2.3.3.tgz",
      "integrity": "sha512-JYM8x9EGF163bEyhdJBpR2QX1R5naCJHC8ucJylJ3w9/CVBaskdQ8WqBf8MmQrd1kRvp/a4TS8HJ+bxzR7ZJYQ==",
      "dev": true
    },
    "node_modules/@types/sortablejs": {
      "version": "1.15.0",
      "resolved": "https://registry.npmjs.org/@types/sortablejs/-/sortablejs-1.15.0.tgz",
      "integrity": "sha512-qrhtM7M41EhH4tZQTNw2/RJkxllBx3reiJpTbgWCM2Dx0U1sZ6LwKp9lfNln9uqE26ZMKUaPEYaD4rzvOWYtZw==",
      "dev": true
    },
    "node_modules/@types/toastify-js": {
      "version": "1.11.1",
      "resolved": "https://registry.npmjs.org/@types/toastify-js/-/toastify-js-1.11.1.tgz",
      "integrity": "sha512-Ef03kGFWseAQYIQwN83WbhRxD+DOd+X6p22j9olA/TnvE0crDMc3fyoctKSpXgEDVWq5l3p98otIdpNX1pOYMA==",
      "dev": true
    },
    "node_modules/can-use-dom": {
      "version": "0.1.0",
      "resolved": "https://registry.npmjs.org/can-use-dom/-/can-use-dom-0.1.0.tgz",
      "integrity": "sha512-ceOhN1DL7Y4O6M0j9ICgmTYziV89WMd96SvSl0REd8PMgrY0B/WBOPoed5S1KUmJqXgUXh8gzSe6E3ae27upsQ==",
      "dev": true
    },
    "node_modules/core-js": {
      "version": "3.26.0",
      "resolved": "https://registry.npmjs.org/core-js/-/core-js-3.26.0.tgz",
      "integrity": "sha512-+DkDrhoR4Y0PxDz6rurahuB+I45OsEUv8E1maPTB6OuHRohMMcznBq9TMpdpDMm/hUPob/mJJS3PqgbHpMTQgw==",
      "dev": true,
      "hasInstallScript": true,
      "funding": {
        "type": "opencollective",
        "url": "https://opencollective.com/core-js"
      }
    },
    "node_modules/dexie": {
      "version": "3.2.2",
      "resolved": "https://registry.npmjs.org/dexie/-/dexie-3.2.2.tgz",
      "integrity": "sha512-q5dC3HPmir2DERlX+toCBbHQXW5MsyrFqPFcovkH9N2S/UW/H3H5AWAB6iEOExeraAu+j+zRDG+zg/D7YhH0qg==",
      "dev": true,
      "engines": {
        "node": ">=6.0"
      }
    },
    "node_modules/fflate": {
      "version": "0.7.4",
      "resolved": "https://registry.npmjs.org/fflate/-/fflate-0.7.4.tgz",
      "integrity": "sha512-5u2V/CDW15QM1XbbgS+0DfPxVB+jUKhWEKuuFuHncbk3tEEqzmoXL+2KyOFuKGqOnmdIy0/davWF1CkuwtibCw==",
      "dev": true
    },
    "node_modules/fuse.js": {
      "version": "3.6.1",
      "resolved": "https://registry.npmjs.org/fuse.js/-/fuse.js-3.6.1.tgz",
      "integrity": "sha512-hT9yh/tiinkmirKrlv4KWOjztdoZo1mx9Qh4KvWqC7isoXwdUY3PNWUxceF4/qO9R6riA2C29jdTOeQOIROjgw==",
      "dev": true,
      "engines": {
        "node": ">=6"
      }
    },
    "node_modules/intl-list-format": {
      "version": "1.0.3",
      "resolved": "https://registry.npmjs.org/intl-list-format/-/intl-list-format-1.0.3.tgz",
      "integrity": "sha512-VNF1Mh0K1xALXkz/5QsK1gfKRvEQO/jWaniTGAzQvbzGr5uyGDskQrRjnf6Qnbc9/JRbNE8BQtTg6iWuFrZorw==",
      "dev": true,
      "engines": {
        "node": ">=4.0.0"
      }
    },
    "node_modules/lodash.debounce": {
      "version": "4.0.8",
      "resolved": "https://registry.npmjs.org/lodash.debounce/-/lodash.debounce-4.0.8.tgz",
      "integrity": "sha512-FT1yDzDYEoYWhnSGnpE/4Kj1fLZkDFyqRb7fNt6FdYOSxlUWAtp42Eh6Wb0rGIv/m9Bgo7x4GhQbm5Ys4SG5ow==",
      "dev": true
    },
    "node_modules/lodash.memoize": {
      "version": "4.1.2",
      "resolved": "https://registry.npmjs.org/lodash.memoize/-/lodash.memoize-4.1.2.tgz",
      "integrity": "sha512-t7j+NzmgnQzTAYXcsHYLgimltOV1MXHtlOWf6GjL9Kj8GK5FInw5JotxvbOs+IvV1/Dzo04/fCGfLVs7aXb4Ag==",
      "dev": true
    },
    "node_modules/lodash.throttle": {
      "version": "4.1.1",
      "resolved": "https://registry.npmjs.org/lodash.throttle/-/lodash.throttle-4.1.1.tgz",
      "integrity": "sha512-wIkUCfVKpVsWo3JSZlc+8MB5it+2AN5W8J7YVMST30UrvcQNZ1Okbj+rbVniijTWE6FGYy4XJq/rHkas8qJMLQ==",
      "dev": true
    },
    "node_modules/mitt": {
      "version": "3.0.0",
      "resolved": "https://registry.npmjs.org/mitt/-/mitt-3.0.0.tgz",
      "integrity": "sha512-7dX2/10ITVyqh4aOSVI9gdape+t9l2/8QxHrFmUXu4EEUpdlxl6RudZUPZoc+zuY2hk1j7XxVroIVIan/pD/SQ==",
      "dev": true
    },
    "node_modules/petite-vue": {
      "version": "0.4.1",
      "resolved": "https://registry.npmjs.org/petite-vue/-/petite-vue-0.4.1.tgz",
      "integrity": "sha512-/gtYKQe9r1OV4IEwn2RsPXAHgFTe1nVq4QhldAP6/l8DSe9I754K6Oe1+Ff6dbnT5P8X2XP7PTUZkGRz5uFnFQ==",
      "dev": true
    },
    "node_modules/popper.js": {
      "version": "1.16.1",
      "resolved": "https://registry.npmjs.org/popper.js/-/popper.js-1.16.1.tgz",
      "integrity": "sha512-Wb4p1J4zyFTbM+u6WuO4XstYx4Ky9Cewe4DWrel7B0w6VVICvPwdOpotjzcf6eD8TsckVnIMNONQyPIUFOUbCQ==",
      "deprecated": "You can find the new Popper v2 at @popperjs/core, this package is dedicated to the legacy v1",
      "dev": true,
      "funding": {
        "type": "opencollective",
        "url": "https://opencollective.com/popperjs"
      }
    },
    "node_modules/simplebar": {
      "version": "5.3.9",
      "resolved": "https://registry.npmjs.org/simplebar/-/simplebar-5.3.9.tgz",
      "integrity": "sha512-1vIIpjDvY9sVH14e0LGeiCiTFU3ILqAghzO6OI9axeG+mvU/vMSrvXeAXkBolqFFz3XYaY8n5ahH9MeP3sp2Ag==",
      "dev": true,
      "dependencies": {
        "@juggle/resize-observer": "^3.3.1",
        "can-use-dom": "^0.1.0",
        "core-js": "^3.0.1",
        "lodash.debounce": "^4.0.8",
        "lodash.memoize": "^4.1.2",
        "lodash.throttle": "^4.1.1"
      }
    },
    "node_modules/sweetalert2": {
      "version": "11.6.4",
      "resolved": "https://registry.npmjs.org/sweetalert2/-/sweetalert2-11.6.4.tgz",
      "integrity": "sha512-EfvbqpApvOLbJ7UehO4rjmlltramOGVNpWhh9hBDyeSP1WhoslpmYUXZXI8AiC77Yl6esCfRcWXpzCAKkbvcgg==",
      "dev": true,
      "funding": {
        "type": "individual",
        "url": "https://github.com/sponsors/limonte"
      }
    },
    "node_modules/tippy.js": {
      "version": "6.3.7",
      "resolved": "https://registry.npmjs.org/tippy.js/-/tippy.js-6.3.7.tgz",
      "integrity": "sha512-E1d3oP2emgJ9dRQZdf3Kkn0qJgI6ZLpyS5z6ZkY1DF3kaQaBsGZsndEpHwx+eC+tYM41HaSNvNtLx8tU57FzTQ==",
      "dev": true,
      "dependencies": {
        "@popperjs/core": "^2.9.0"
      }
    },
    "node_modules/typescript": {
      "version": "4.8.4",
      "resolved": "https://registry.npmjs.org/typescript/-/typescript-4.8.4.tgz",
      "integrity": "sha512-QCh+85mCy+h0IGff8r5XWzOVSbBO+KfeYrMQh7NJ58QujwcE22u+NUSmUxqF+un70P9GXKxa2HCNiTTMJknyjQ==",
      "dev": true,
      "bin": {
        "tsc": "bin/tsc",
        "tsserver": "bin/tsserver"
      },
      "engines": {
        "node": ">=4.2.0"
      }
    }
  },
  "dependencies": {
    "@juggle/resize-observer": {
      "version": "3.4.0",
      "resolved": "https://registry.npmjs.org/@juggle/resize-observer/-/resize-observer-3.4.0.tgz",
      "integrity": "sha512-dfLbk+PwWvFzSxwk3n5ySL0hfBog779o8h68wK/7/APo/7cgyWp5jcXockbxdk5kFRkbeXWm4Fbi9FrdN381sA==",
      "dev": true
    },
    "@popperjs/core": {
      "version": "2.11.6",
      "resolved": "https://registry.npmjs.org/@popperjs/core/-/core-2.11.6.tgz",
      "integrity": "sha512-50/17A98tWUfQ176raKiOGXuYpLyyVMkxxG6oylzL3BPOlA6ADGdK7EYunSa4I064xerltq9TGXs8HmOk5E+vw==",
      "dev": true
    },
    "@types/bootstrap": {
      "version": "4.6.2",
      "resolved": "https://registry.npmjs.org/@types/bootstrap/-/bootstrap-4.6.2.tgz",
      "integrity": "sha512-HbqVAre9VMZF8KBw1UpmBkw0xt4rjrAxMO/JWqFfJZGbVi09t8BVccvB/VxDlygVvvu0BZkAU8ocfNc7/jlFsA==",
      "dev": true,
      "requires": {
        "@types/jquery": "*",
        "popper.js": "^1.14.1"
      }
    },
    "@types/ifvisible": {
      "version": "1.1.1",
      "resolved": "https://registry.npmjs.org/@types/ifvisible/-/ifvisible-1.1.1.tgz",
      "integrity": "sha512-t9JrGMlhM7ayEQGBatqkg1qGGiSUv0Nt/p1JDIt3eogMQZxRrrD2c50vvvWSGo2a6miiV5y4oLczRrydYVEV2Q==",
      "dev": true
    },
    "@types/ion-rangeslider": {
      "version": "2.3.2",
      "resolved": "https://registry.npmjs.org/@types/ion-rangeslider/-/ion-rangeslider-2.3.2.tgz",
      "integrity": "sha512-bI7SsyYvWgkJx/tdpj57UfGZ0EbgPft0oXrjqoNcXhfCVy8aNAQK5lZvoS0vptd8ttfkd2gwYArKCCB7QS6pVw==",
      "dev": true
    },
    "@types/jquery": {
      "version": "3.5.14",
      "resolved": "https://registry.npmjs.org/@types/jquery/-/jquery-3.5.14.tgz",
      "integrity": "sha512-X1gtMRMbziVQkErhTQmSe2jFwwENA/Zr+PprCkF63vFq+Yt5PZ4AlKqgmeNlwgn7dhsXEK888eIW2520EpC+xg==",
      "dev": true,
      "requires": {
        "@types/sizzle": "*"
      }
    },
    "@types/pako": {
      "version": "1.0.4",
      "resolved": "https://registry.npmjs.org/@types/pako/-/pako-1.0.4.tgz",
      "integrity": "sha512-Z+5bJSm28EXBSUJEgx29ioWeEEHUh6TiMkZHDhLwjc9wVFH+ressbkmX6waUZc5R3Gobn4Qu5llGxaoflZ+yhA==",
      "dev": true
    },
    "@types/sizzle": {
      "version": "2.3.3",
      "resolved": "https://registry.npmjs.org/@types/sizzle/-/sizzle-2.3.3.tgz",
      "integrity": "sha512-JYM8x9EGF163bEyhdJBpR2QX1R5naCJHC8ucJylJ3w9/CVBaskdQ8WqBf8MmQrd1kRvp/a4TS8HJ+bxzR7ZJYQ==",
      "dev": true
    },
    "@types/sortablejs": {
      "version": "1.15.0",
      "resolved": "https://registry.npmjs.org/@types/sortablejs/-/sortablejs-1.15.0.tgz",
      "integrity": "sha512-qrhtM7M41EhH4tZQTNw2/RJkxllBx3reiJpTbgWCM2Dx0U1sZ6LwKp9lfNln9uqE26ZMKUaPEYaD4rzvOWYtZw==",
      "dev": true
    },
    "@types/toastify-js": {
      "version": "1.11.1",
      "resolved": "https://registry.npmjs.org/@types/toastify-js/-/toastify-js-1.11.1.tgz",
      "integrity": "sha512-Ef03kGFWseAQYIQwN83WbhRxD+DOd+X6p22j9olA/TnvE0crDMc3fyoctKSpXgEDVWq5l3p98otIdpNX1pOYMA==",
      "dev": true
    },
    "can-use-dom": {
      "version": "0.1.0",
      "resolved": "https://registry.npmjs.org/can-use-dom/-/can-use-dom-0.1.0.tgz",
      "integrity": "sha512-ceOhN1DL7Y4O6M0j9ICgmTYziV89WMd96SvSl0REd8PMgrY0B/WBOPoed5S1KUmJqXgUXh8gzSe6E3ae27upsQ==",
      "dev": true
    },
    "core-js": {
      "version": "3.26.0",
      "resolved": "https://registry.npmjs.org/core-js/-/core-js-3.26.0.tgz",
      "integrity": "sha512-+DkDrhoR4Y0PxDz6rurahuB+I45OsEUv8E1maPTB6OuHRohMMcznBq9TMpdpDMm/hUPob/mJJS3PqgbHpMTQgw==",
      "dev": true
    },
    "dexie": {
      "version": "3.2.2",
      "resolved": "https://registry.npmjs.org/dexie/-/dexie-3.2.2.tgz",
      "integrity": "sha512-q5dC3HPmir2DERlX+toCBbHQXW5MsyrFqPFcovkH9N2S/UW/H3H5AWAB6iEOExeraAu+j+zRDG+zg/D7YhH0qg==",
      "dev": true
    },
    "fflate": {
      "version": "0.7.4",
      "resolved": "https://registry.npmjs.org/fflate/-/fflate-0.7.4.tgz",
      "integrity": "sha512-5u2V/CDW15QM1XbbgS+0DfPxVB+jUKhWEKuuFuHncbk3tEEqzmoXL+2KyOFuKGqOnmdIy0/davWF1CkuwtibCw==",
      "dev": true
    },
    "fuse.js": {
      "version": "3.6.1",
      "resolved": "https://registry.npmjs.org/fuse.js/-/fuse.js-3.6.1.tgz",
      "integrity": "sha512-hT9yh/tiinkmirKrlv4KWOjztdoZo1mx9Qh4KvWqC7isoXwdUY3PNWUxceF4/qO9R6riA2C29jdTOeQOIROjgw==",
      "dev": true
    },
    "intl-list-format": {
      "version": "1.0.3",
      "resolved": "https://registry.npmjs.org/intl-list-format/-/intl-list-format-1.0.3.tgz",
      "integrity": "sha512-VNF1Mh0K1xALXkz/5QsK1gfKRvEQO/jWaniTGAzQvbzGr5uyGDskQrRjnf6Qnbc9/JRbNE8BQtTg6iWuFrZorw==",
      "dev": true
    },
    "lodash.debounce": {
      "version": "4.0.8",
      "resolved": "https://registry.npmjs.org/lodash.debounce/-/lodash.debounce-4.0.8.tgz",
      "integrity": "sha512-FT1yDzDYEoYWhnSGnpE/4Kj1fLZkDFyqRb7fNt6FdYOSxlUWAtp42Eh6Wb0rGIv/m9Bgo7x4GhQbm5Ys4SG5ow==",
      "dev": true
    },
    "lodash.memoize": {
      "version": "4.1.2",
      "resolved": "https://registry.npmjs.org/lodash.memoize/-/lodash.memoize-4.1.2.tgz",
      "integrity": "sha512-t7j+NzmgnQzTAYXcsHYLgimltOV1MXHtlOWf6GjL9Kj8GK5FInw5JotxvbOs+IvV1/Dzo04/fCGfLVs7aXb4Ag==",
      "dev": true
    },
    "lodash.throttle": {
      "version": "4.1.1",
      "resolved": "https://registry.npmjs.org/lodash.throttle/-/lodash.throttle-4.1.1.tgz",
      "integrity": "sha512-wIkUCfVKpVsWo3JSZlc+8MB5it+2AN5W8J7YVMST30UrvcQNZ1Okbj+rbVniijTWE6FGYy4XJq/rHkas8qJMLQ==",
      "dev": true
    },
    "mitt": {
      "version": "3.0.0",
      "resolved": "https://registry.npmjs.org/mitt/-/mitt-3.0.0.tgz",
      "integrity": "sha512-7dX2/10ITVyqh4aOSVI9gdape+t9l2/8QxHrFmUXu4EEUpdlxl6RudZUPZoc+zuY2hk1j7XxVroIVIan/pD/SQ==",
      "dev": true
    },
    "petite-vue": {
      "version": "0.4.1",
      "resolved": "https://registry.npmjs.org/petite-vue/-/petite-vue-0.4.1.tgz",
      "integrity": "sha512-/gtYKQe9r1OV4IEwn2RsPXAHgFTe1nVq4QhldAP6/l8DSe9I754K6Oe1+Ff6dbnT5P8X2XP7PTUZkGRz5uFnFQ==",
      "dev": true
    },
    "popper.js": {
      "version": "1.16.1",
      "resolved": "https://registry.npmjs.org/popper.js/-/popper.js-1.16.1.tgz",
      "integrity": "sha512-Wb4p1J4zyFTbM+u6WuO4XstYx4Ky9Cewe4DWrel7B0w6VVICvPwdOpotjzcf6eD8TsckVnIMNONQyPIUFOUbCQ==",
      "dev": true
    },
    "simplebar": {
      "version": "5.3.9",
      "resolved": "https://registry.npmjs.org/simplebar/-/simplebar-5.3.9.tgz",
      "integrity": "sha512-1vIIpjDvY9sVH14e0LGeiCiTFU3ILqAghzO6OI9axeG+mvU/vMSrvXeAXkBolqFFz3XYaY8n5ahH9MeP3sp2Ag==",
      "dev": true,
      "requires": {
        "@juggle/resize-observer": "^3.3.1",
        "can-use-dom": "^0.1.0",
        "core-js": "^3.0.1",
        "lodash.debounce": "^4.0.8",
        "lodash.memoize": "^4.1.2",
        "lodash.throttle": "^4.1.1"
      }
    },
    "sweetalert2": {
      "version": "11.6.4",
      "resolved": "https://registry.npmjs.org/sweetalert2/-/sweetalert2-11.6.4.tgz",
      "integrity": "sha512-EfvbqpApvOLbJ7UehO4rjmlltramOGVNpWhh9hBDyeSP1WhoslpmYUXZXI8AiC77Yl6esCfRcWXpzCAKkbvcgg==",
      "dev": true
    },
    "tippy.js": {
      "version": "6.3.7",
      "resolved": "https://registry.npmjs.org/tippy.js/-/tippy.js-6.3.7.tgz",
      "integrity": "sha512-E1d3oP2emgJ9dRQZdf3Kkn0qJgI6ZLpyS5z6ZkY1DF3kaQaBsGZsndEpHwx+eC+tYM41HaSNvNtLx8tU57FzTQ==",
      "dev": true,
      "requires": {
        "@popperjs/core": "^2.9.0"
      }
    },
    "typescript": {
      "version": "4.8.4",
      "resolved": "https://registry.npmjs.org/typescript/-/typescript-4.8.4.tgz",
      "integrity": "sha512-QCh+85mCy+h0IGff8r5XWzOVSbBO+KfeYrMQh7NJ58QujwcE22u+NUSmUxqF+un70P9GXKxa2HCNiTTMJknyjQ==",
      "dev": true
    }
  }
}
