# THIS IS AN AUTOGENERATED FILE. DO NOT EDIT THIS FILE DIRECTLY.
# yarn lockfile v1


"@juggle/resize-observer@^3.3.1":
  version "3.4.0"
  resolved "https://registry.yarnpkg.com/@juggle/resize-observer/-/resize-observer-3.4.0.tgz#08d6c5e20cf7e4cc02fd181c4b0c225cd31dbb60"
  integrity sha512-dfLbk+PwWvFzSxwk3n5ySL0hfBog779o8h68wK/7/APo/7cgyWp5jcXockbxdk5kFRkbeXWm4Fbi9FrdN381sA==

"@popperjs/core@^2.9.0":
  version "2.11.6"
  resolved "https://registry.yarnpkg.com/@popperjs/core/-/core-2.11.6.tgz#cee20bd55e68a1720bdab363ecf0c821ded4cd45"
  integrity sha512-50/17A98tWUfQ176raKiOGXuYpLyyVMkxxG6oylzL3BPOlA6ADGdK7EYunSa4I064xerltq9TGXs8HmOk5E+vw==

"@types/bootstrap@^4.5.0":
  version "4.6.2"
  resolved "https://registry.yarnpkg.com/@types/bootstrap/-/bootstrap-4.6.2.tgz#84d4dd3ee41e903c7bc17e47b9997ec804d8d64e"
  integrity sha512-HbqVAre9VMZF8KBw1UpmBkw0xt4rjrAxMO/JWqFfJZGbVi09t8BVccvB/VxDlygVvvu0BZkAU8ocfNc7/jlFsA==
  dependencies:
    "@types/jquery" "*"
    popper.js "^1.14.1"

"@types/ifvisible@^1.1.0":
  version "1.1.1"
  resolved "https://registry.yarnpkg.com/@types/ifvisible/-/ifvisible-1.1.1.tgz#9ea45f2393a2816008d0eaa638dad6e0d12bf370"
  integrity sha512-t9JrGMlhM7ayEQGBatqkg1qGGiSUv0Nt/p1JDIt3eogMQZxRrrD2c50vvvWSGo2a6miiV5y4oLczRrydYVEV2Q==

"@types/ion-rangeslider@^2.3.2":
  version "2.3.2"
  resolved "https://registry.yarnpkg.com/@types/ion-rangeslider/-/ion-rangeslider-2.3.2.tgz#a6cb5e02ba3429d676fce263772ea12f13945b97"
  integrity sha512-bI7SsyYvWgkJx/tdpj57UfGZ0EbgPft0oXrjqoNcXhfCVy8aNAQK5lZvoS0vptd8ttfkd2gwYArKCCB7QS6pVw==

"@types/jquery@*", "@types/jquery@^3.5.6":
  version "3.5.14"
  resolved "https://registry.yarnpkg.com/@types/jquery/-/jquery-3.5.14.tgz#ac8e11ee591e94d4d58da602cb3a5a8320dee577"
  integrity sha512-X1gtMRMbziVQkErhTQmSe2jFwwENA/Zr+PprCkF63vFq+Yt5PZ4AlKqgmeNlwgn7dhsXEK888eIW2520EpC+xg==
  dependencies:
    "@types/sizzle" "*"

"@types/node@^18.11.8":
  version "18.11.9"
  resolved "https://registry.yarnpkg.com/@types/node/-/node-18.11.9.tgz#02d013de7058cea16d36168ef2fc653464cfbad4"
  integrity sha512-CRpX21/kGdzjOpFsZSkcrXMGIBWMGNIHXXBVFSH+ggkftxg+XYP20TESbh+zFvFj3EQOl5byk0HTRn1IL6hbqg==

"@types/pako@^1.0.1":
  version "1.0.4"
  resolved "https://registry.yarnpkg.com/@types/pako/-/pako-1.0.4.tgz#b4262aef92680a9331fcdb8420c69cf3dd98d3f3"
  integrity sha512-Z+5bJSm28EXBSUJEgx29ioWeEEHUh6TiMkZHDhLwjc9wVFH+ressbkmX6waUZc5R3Gobn4Qu5llGxaoflZ+yhA==

"@types/sizzle@*":
  version "2.3.3"
  resolved "https://registry.yarnpkg.com/@types/sizzle/-/sizzle-2.3.3.tgz#ff5e2f1902969d305225a047c8a0fd5c915cebef"
  integrity sha512-JYM8x9EGF163bEyhdJBpR2QX1R5naCJHC8ucJylJ3w9/CVBaskdQ8WqBf8MmQrd1kRvp/a4TS8HJ+bxzR7ZJYQ==

"@types/sortablejs@^1.10.6":
  version "1.15.0"
  resolved "https://registry.yarnpkg.com/@types/sortablejs/-/sortablejs-1.15.0.tgz#695e481752e2a0a311c5e73b51d5f666fc202f93"
  integrity sha512-qrhtM7M41EhH4tZQTNw2/RJkxllBx3reiJpTbgWCM2Dx0U1sZ6LwKp9lfNln9uqE26ZMKUaPEYaD4rzvOWYtZw==

"@types/toastify-js@^1.9.1":
  version "1.11.1"
  resolved "https://registry.yarnpkg.com/@types/toastify-js/-/toastify-js-1.11.1.tgz#48f96596e087025c7f7821668599fd74dcdd8549"
  integrity sha512-Ef03kGFWseAQYIQwN83WbhRxD+DOd+X6p22j9olA/TnvE0crDMc3fyoctKSpXgEDVWq5l3p98otIdpNX1pOYMA==

can-use-dom@^0.1.0:
  version "0.1.0"
  resolved "https://registry.yarnpkg.com/can-use-dom/-/can-use-dom-0.1.0.tgz#22cc4a34a0abc43950f42c6411024a3f6366b45a"
  integrity sha512-ceOhN1DL7Y4O6M0j9ICgmTYziV89WMd96SvSl0REd8PMgrY0B/WBOPoed5S1KUmJqXgUXh8gzSe6E3ae27upsQ==

core-js@^3.0.1:
  version "3.26.0"
  resolved "https://registry.yarnpkg.com/core-js/-/core-js-3.26.0.tgz#a516db0ed0811be10eac5d94f3b8463d03faccfe"
  integrity sha512-+DkDrhoR4Y0PxDz6rurahuB+I45OsEUv8E1maPTB6OuHRohMMcznBq9TMpdpDMm/hUPob/mJJS3PqgbHpMTQgw==

dexie@^3.2.2:
  version "3.2.2"
  resolved "https://registry.yarnpkg.com/dexie/-/dexie-3.2.2.tgz#fa6f2a3c0d6ed0766f8d97a03720056f88fe0e01"
  integrity sha512-q5dC3HPmir2DERlX+toCBbHQXW5MsyrFqPFcovkH9N2S/UW/H3H5AWAB6iEOExeraAu+j+zRDG+zg/D7YhH0qg==

fflate@^0.7.3:
  version "0.7.4"
  resolved "https://registry.yarnpkg.com/fflate/-/fflate-0.7.4.tgz#61587e5d958fdabb5a9368a302c25363f4f69f50"
  integrity sha512-5u2V/CDW15QM1XbbgS+0DfPxVB+jUKhWEKuuFuHncbk3tEEqzmoXL+2KyOFuKGqOnmdIy0/davWF1CkuwtibCw==

fuse.js@^3.4.6:
  version "3.6.1"
  resolved "https://registry.yarnpkg.com/fuse.js/-/fuse.js-3.6.1.tgz#7de85fdd6e1b3377c23ce010892656385fd9b10c"
  integrity sha512-hT9yh/tiinkmirKrlv4KWOjztdoZo1mx9Qh4KvWqC7isoXwdUY3PNWUxceF4/qO9R6riA2C29jdTOeQOIROjgw==

intl-list-format@^1.0.3:
  version "1.0.3"
  resolved "https://registry.yarnpkg.com/intl-list-format/-/intl-list-format-1.0.3.tgz#f9b3c3d69b4647d63218f49aae5d3816c6e55b5b"
  integrity sha512-VNF1Mh0K1xALXkz/5QsK1gfKRvEQO/jWaniTGAzQvbzGr5uyGDskQrRjnf6Qnbc9/JRbNE8BQtTg6iWuFrZorw==

lodash.debounce@^4.0.8:
  version "4.0.8"
  resolved "https://registry.yarnpkg.com/lodash.debounce/-/lodash.debounce-4.0.8.tgz#82d79bff30a67c4005ffd5e2515300ad9ca4d7af"
  integrity sha512-FT1yDzDYEoYWhnSGnpE/4Kj1fLZkDFyqRb7fNt6FdYOSxlUWAtp42Eh6Wb0rGIv/m9Bgo7x4GhQbm5Ys4SG5ow==

lodash.memoize@^4.1.2:
  version "4.1.2"
  resolved "https://registry.yarnpkg.com/lodash.memoize/-/lodash.memoize-4.1.2.tgz#bcc6c49a42a2840ed997f323eada5ecd182e0bfe"
  integrity sha512-t7j+NzmgnQzTAYXcsHYLgimltOV1MXHtlOWf6GjL9Kj8GK5FInw5JotxvbOs+IvV1/Dzo04/fCGfLVs7aXb4Ag==

lodash.throttle@^4.1.1:
  version "4.1.1"
  resolved "https://registry.yarnpkg.com/lodash.throttle/-/lodash.throttle-4.1.1.tgz#c23e91b710242ac70c37f1e1cda9274cc39bf2f4"
  integrity sha512-wIkUCfVKpVsWo3JSZlc+8MB5it+2AN5W8J7YVMST30UrvcQNZ1Okbj+rbVniijTWE6FGYy4XJq/rHkas8qJMLQ==

mitt@^3.0.0:
  version "3.0.0"
  resolved "https://registry.yarnpkg.com/mitt/-/mitt-3.0.0.tgz#69ef9bd5c80ff6f57473e8d89326d01c414be0bd"
  integrity sha512-7dX2/10ITVyqh4aOSVI9gdape+t9l2/8QxHrFmUXu4EEUpdlxl6RudZUPZoc+zuY2hk1j7XxVroIVIan/pD/SQ==

petite-vue@^0.4.1:
  version "0.4.1"
  resolved "https://registry.yarnpkg.com/petite-vue/-/petite-vue-0.4.1.tgz#122a6f4f1f86527e7d584ed805573597213208c4"
  integrity sha512-/gtYKQe9r1OV4IEwn2RsPXAHgFTe1nVq4QhldAP6/l8DSe9I754K6Oe1+Ff6dbnT5P8X2XP7PTUZkGRz5uFnFQ==

popper.js@^1.14.1:
  version "1.16.1"
  resolved "https://registry.yarnpkg.com/popper.js/-/popper.js-1.16.1.tgz#2a223cb3dc7b6213d740e40372be40de43e65b1b"
  integrity sha512-Wb4p1J4zyFTbM+u6WuO4XstYx4Ky9Cewe4DWrel7B0w6VVICvPwdOpotjzcf6eD8TsckVnIMNONQyPIUFOUbCQ==

simplebar@^5.3.6:
  version "5.3.9"
  resolved "https://registry.yarnpkg.com/simplebar/-/simplebar-5.3.9.tgz#168ea0eb6d52f29f03960e40d9b69a1b28cf6318"
  integrity sha512-1vIIpjDvY9sVH14e0LGeiCiTFU3ILqAghzO6OI9axeG+mvU/vMSrvXeAXkBolqFFz3XYaY8n5ahH9MeP3sp2Ag==
  dependencies:
    "@juggle/resize-observer" "^3.3.1"
    can-use-dom "^0.1.0"
    core-js "^3.0.1"
    lodash.debounce "^4.0.8"
    lodash.memoize "^4.1.2"
    lodash.throttle "^4.1.1"

sweetalert2@^11.4.16:
  version "11.6.5"
  resolved "https://registry.yarnpkg.com/sweetalert2/-/sweetalert2-11.6.5.tgz#ce5d0b2501da2fd502955f3168d18fd3bfb982d9"
  integrity sha512-4/2dD+HoGbMnemYJlY/IXhLUgVFVxLgH3dlEDLY1yufOAW9HLEI8VHmgCo4+pmXbUBlKZU/pDbSgw3wkysi8jQ==

tippy.js@^6.2.6:
  version "6.3.7"
  resolved "https://registry.yarnpkg.com/tippy.js/-/tippy.js-6.3.7.tgz#8ccfb651d642010ed9a32ff29b0e9e19c5b8c61c"
  integrity sha512-E1d3oP2emgJ9dRQZdf3Kkn0qJgI6ZLpyS5z6ZkY1DF3kaQaBsGZsndEpHwx+eC+tYM41HaSNvNtLx8tU57FzTQ==
  dependencies:
    "@popperjs/core" "^2.9.0"

typescript@^4.7.4:
  version "4.8.4"
  resolved "https://registry.yarnpkg.com/typescript/-/typescript-4.8.4.tgz#c464abca159669597be5f96b8943500b238e60e6"
  integrity sha512-QCh+85mCy+h0IGff8r5XWzOVSbBO+KfeYrMQh7NJ58QujwcE22u+NUSmUxqF+un70P9GXKxa2HCNiTTMJknyjQ==

yarn@^1.22.19:
  version "1.22.19"
  resolved "https://registry.yarnpkg.com/yarn/-/yarn-1.22.19.tgz#4ba7fc5c6e704fce2066ecbfb0b0d8976fe62447"
  integrity sha512-/0V5q0WbslqnwP91tirOvldvYISzaqhClxzyUKXYxs07yUILIs5jx/k6CFe8bvKSkds5w+eiOqta39Wk3WxdcQ==
